<?xml version="1.0" encoding="utf-8"?>
<Project ToolsVersion="4.0" xmlns="http://schemas.microsoft.com/developer/msbuild/2003">
  <ItemGroup>
    <Filter Include="Source Files">
      <UniqueIdentifier>{4FC737F1-C7A5-4376-A066-2A32D752A2FF}</UniqueIdentifier>
      <Extensions>cpp;c;cc;cxx;c++;cppm;ixx;def;odl;idl;hpj;bat;asm;asmx</Extensions>
    </Filter>
    <Filter Include="Header Files">
      <UniqueIdentifier>{93995380-89BD-4b04-88EB-625FBE52EBFB}</UniqueIdentifier>
      <Extensions>h;hh;hpp;hxx;h++;hm;inl;inc;ipp;xsd</Extensions>
    </Filter>
    <Filter Include="Resource Files">
      <UniqueIdentifier>{67DA6AB6-F800-4c08-8B7A-83BB121AAD01}</UniqueIdentifier>
      <Extensions>rc;ico;cur;bmp;dlg;rc2;rct;bin;rgs;gif;jpg;jpeg;jpe;resx;tiff;tif;png;wav;mfcribbon-ms</Extensions>
    </Filter>
    <Filter Include="Header Files\file">
      <UniqueIdentifier>{78fa4453-daa1-4d7d-942f-f2e5c993ba85}</UniqueIdentifier>
    </Filter>
    <Filter Include="Header Files\net">
      <UniqueIdentifier>{43bf30f7-5315-4979-8680-935ef24e387e}</UniqueIdentifier>
    </Filter>
    <Filter Include="Header Files\string">
      <UniqueIdentifier>{8abb1544-a91d-4c97-bddc-e80bfe287616}</UniqueIdentifier>
    </Filter>
    <Filter Include="Header Files\win">
      <UniqueIdentifier>{c0a32536-9f03-46f0-b4c3-366bd9672359}</UniqueIdentifier>
    </Filter>
  </ItemGroup>
  <ItemGroup>
    <ClCompile Include="..\main.cpp">
      <Filter>Source Files</Filter>
    </ClCompile>
  </ItemGroup>
  <ItemGroup>
    <None Include="packages.config" />
  </ItemGroup>
  <ItemGroup>
    <ClInclude Include="..\..\include\zed\build_macros.h">
      <Filter>Header Files</Filter>
    </ClInclude>
    <ClInclude Include="..\..\include\zed\cctype.hpp">
      <Filter>Header Files</Filter>
    </ClInclude>
    <ClInclude Include="..\..\include\zed\memory.hpp">
      <Filter>Header Files</Filter>
    </ClInclude>
    <ClInclude Include="..\..\include\zed\mutex.hpp">
      <Filter>Header Files</Filter>
    </ClInclude>
    <ClInclude Include="..\..\include\zed\platform_sdk.h">
      <Filter>Header Files</Filter>
    </ClInclude>
    <ClInclude Include="..\..\include\zed\string.hpp">
      <Filter>Header Files</Filter>
    </ClInclude>
    <ClInclude Include="..\..\include\zed\type_traits.hpp">
      <Filter>Header Files</Filter>
    </ClInclude>
    <ClInclude Include="..\..\include\zed\file\file.hpp">
      <Filter>Header Files\file</Filter>
    </ClInclude>
    <ClInclude Include="..\..\include\zed\file\path.hpp">
      <Filter>Header Files\file</Filter>
    </ClInclude>
    <ClInclude Include="..\..\include\zed\net\http_constants.hpp">
      <Filter>Header Files\net</Filter>
    </ClInclude>
    <ClInclude Include="..\..\include\zed\net\socket.hpp">
      <Filter>Header Files\net</Filter>
    </ClInclude>
    <ClInclude Include="..\..\include\zed\string\algorithm.hpp">
      <Filter>Header Files\string</Filter>
    </ClInclude>
    <ClInclude Include="..\..\include\zed\string\conv.hpp">
      <Filter>Header Files\string</Filter>
    </ClInclude>
    <ClInclude Include="..\..\include\zed\win\handled_resource.hpp">
      <Filter>Header Files\win</Filter>
    </ClInclude>
    <ClInclude Include="..\..\include\zed\win\hmodule.hpp">
      <Filter>Header Files\win</Filter>
    </ClInclude>
    <ClInclude Include="..\..\include\zed\string_view.hpp">
      <Filter>Header Files</Filter>
    </ClInclude>
  </ItemGroup>
</Project>